dependencies:
- name: terraform-mcp
  repository: https://sammcgeown.github.io/hashicorp-mcp-servers-helm/
  version: 0.2.0
- name: vault-mcp
  repository: https://sammcgeown.github.io/hashicorp-mcp-servers-helm/
  version: 0.2.0
digest: sha256:43ebca6fc923a19539c1ddb89483fec1d24d088f5211554f8a3ca7e157974a96
generated: "2026-05-06T10:07:05.746342+01:00"
